
Microsoft Visual Studio Solution File, Format Version 12.00
# Visual Studio Version 17
VisualStudioVersion = 17.12.35527.113
MinimumVisualStudioVersion = 10.0.40219.1
Project("{FAE04EC0-301F-11D3-BF4B-00C04F79EFBC}") = "WebAPI.Identity", "WebAPI.Identity.csproj", "{228E3F92-94E9-426E-BBC9-856C82882052}"
EndProject
Project("{FAE04EC0-301F-11D3-BF4B-00C04F79EFBC}") = "Domain", "..\Domain\Domain.csproj", "{8A82BBDB-2E7A-4370-99B9-A18B795A2ACF}"
EndProject
Project("{FAE04EC0-301F-11D3-BF4B-00C04F79EFBC}") = "Repository", "..\Repository\Repository.csproj", "{96A4249A-2140-4074-9F76-9D00A486B4D7}"
EndProject
Global
	GlobalSection(SolutionConfigurationPlatforms) = preSolution
		Debug|Any CPU = Debug|Any CPU
		Release|Any CPU = Release|Any CPU
	EndGlobalSection
	GlobalSection(ProjectConfigurationPlatforms) = postSolution
		{228E3F92-94E9-426E-BBC9-856C82882052}.Debug|Any CPU.ActiveCfg = Debug|Any CPU
		{228E3F92-94E9-426E-BBC9-856C82882052}.Debug|Any CPU.Build.0 = Debug|Any CPU
		{228E3F92-94E9-426E-BBC9-856C82882052}.Release|Any CPU.ActiveCfg = Release|Any CPU
		{228E3F92-94E9-426E-BBC9-856C82882052}.Release|Any CPU.Build.0 = Release|Any CPU
		{8A82BBDB-2E7A-4370-99B9-A18B795A2ACF}.Debug|Any CPU.ActiveCfg = Debug|Any CPU
		{8A82BBDB-2E7A-4370-99B9-A18B795A2ACF}.Debug|Any CPU.Build.0 = Debug|Any CPU
		{8A82BBDB-2E7A-4370-99B9-A18B795A2ACF}.Release|Any CPU.ActiveCfg = Release|Any CPU
		{8A82BBDB-2E7A-4370-99B9-A18B795A2ACF}.Release|Any CPU.Build.0 = Release|Any CPU
		{96A4249A-2140-4074-9F76-9D00A486B4D7}.Debug|Any CPU.ActiveCfg = Debug|Any CPU
		{96A4249A-2140-4074-9F76-9D00A486B4D7}.Debug|Any CPU.Build.0 = Debug|Any CPU
		{96A4249A-2140-4074-9F76-9D00A486B4D7}.Release|Any CPU.ActiveCfg = Release|Any CPU
		{96A4249A-2140-4074-9F76-9D00A486B4D7}.Release|Any CPU.Build.0 = Release|Any CPU
	EndGlobalSection
	GlobalSection(SolutionProperties) = preSolution
		HideSolutionNode = FALSE
	EndGlobalSection
EndGlobal
